// !$*UTF8*$!
{
	archiveVersion = 1;
	classes = {
	};
	objectVersion = 46;
	objects = {

/* Begin PBXBuildFile section */
		7AF0D6E31C7ACA430077A76B /* main.m in Sources */ = {isa = PBXBuildFile; fileRef = 7AF0D6E21C7ACA430077A76B /* main.m */; };
		7AF0D6E61C7ACA430077A76B /* AppDelegate.m in Sources */ = {isa = PBXBuildFile; fileRef = 7AF0D6E51C7ACA430077A76B /* AppDelegate.m */; };
		7AF0D6E91C7ACA430077A76B /* ViewController.m in Sources */ = {isa = PBXBuildFile; fileRef = 7AF0D6E81C7ACA430077A76B /* ViewController.m */; };
		7AF0D6EC1C7ACA430077A76B /* Main.storyboard in Resources */ = {isa = PBXBuildFile; fileRef = 7AF0D6EA1C7ACA430077A76B /* Main.storyboard */; };
		7AF0D6EE1C7ACA440077A76B /* Assets.xcassets in Resources */ = {isa = PBXBuildFile; fileRef = 7AF0D6ED1C7ACA440077A76B /* Assets.xcassets */; };
		7AF0D6F11C7ACA440077A76B /* LaunchScreen.storyboard in Resources */ = {isa = PBXBuildFile; fileRef = 7AF0D6EF1C7ACA440077A76B /* LaunchScreen.storyboard */; };
		7AF0D6FA1C7AD96C0077A76B /* ruby.png in Resources */ = {isa = PBXBuildFile; fileRef = 7AF0D6F91C7AD96C0077A76B /* ruby.png */; };
		7AF0D6FF1C7B00C80077A76B /* beautifulgirl.jpg in Resources */ = {isa = PBXBuildFile; fileRef = 7AF0D6FB1C7B00C80077A76B /* beautifulgirl.jpg */; };
		7AF0D7001C7B00C80077A76B /* car.jpg in Resources */ = {isa = PBXBuildFile; fileRef = 7AF0D6FC1C7B00C80077A76B /* car.jpg */; };
		7AF0D7011C7B00C80077A76B /* dola.jpg in Resources */ = {isa = PBXBuildFile; fileRef = 7AF0D6FD1C7B00C80077A76B /* dola.jpg */; };
		7AF0D7021C7B00C80077A76B /* house.jpg in Resources */ = {isa = PBXBuildFile; fileRef = 7AF0D6FE1C7B00C80077A76B /* house.jpg */; };
/* End PBXBuildFile section */

/* Begin PBXFileReference section */
		7AF0D6DE1C7ACA420077A76B /* I AM.app */ = {isa = PBXFileReference; explicitFileType = wrapper.application; includeInIndex = 0; path = "I AM.app"; sourceTree = BUILT_PRODUCTS_DIR; };
		7AF0D6E21C7ACA430077A76B /* main.m */ = {isa = PBXFileReference; lastKnownFileType = sourcecode.c.objc; path = main.m; sourceTree = "<group>"; };
		7AF0D6E41C7ACA430077A76B /* AppDelegate.h */ = {isa = PBXFileReference; lastKnownFileType = sourcecode.c.h; path = AppDelegate.h; sourceTree = "<group>"; };
		7AF0D6E51C7ACA430077A76B /* AppDelegate.m */ = {isa = PBXFileReference; lastKnownFileType = sourcecode.c.objc; path = AppDelegate.m; sourceTree = "<group>"; };
		7AF0D6E71C7ACA430077A76B /* ViewController.h */ = {isa = PBXFileReference; lastKnownFileType = sourcecode.c.h; path = ViewController.h; sourceTree = "<group>"; };
		7AF0D6E81C7ACA430077A76B /* ViewController.m */ = {isa = PBXFileReference; lastKnownFileType = sourcecode.c.objc; path = ViewController.m; sourceTree = "<group>"; };
		7AF0D6EB1C7ACA430077A76B /* Base */ = {isa = PBXFileReference; lastKnownFileType = file.storyboard; name = Base; path = Base.lproj/Main.storyboard; sourceTree = "<group>"; };
		7AF0D6ED1C7ACA440077A76B /* Assets.xcassets */ = {isa = PBXFileReference; lastKnownFileType = folder.assetcatalog; path = Assets.xcassets; sourceTree = "<group>"; };
		7AF0D6F01C7ACA440077A76B /* Base */ = {isa = PBXFileReference; lastKnownFileType = file.storyboard; name = Base; path = Base.lproj/LaunchScreen.storyboard; sourceTree = "<group>"; };
		7AF0D6F21C7ACA440077A76B /* Info.plist */ = {isa = PBXFileReference; lastKnownFileType = text.plist.xml; path = Info.plist; sourceTree = "<group>"; };
		7AF0D6F91C7AD96C0077A76B /* ruby.png */ = {isa = PBXFileReference; lastKnownFileType = image.png; path = ruby.png; sourceTree = "<group>"; };
		7AF0D6FB1C7B00C80077A76B /* beautifulgirl.jpg */ = {isa = PBXFileReference; lastKnownFileType = image.jpeg; path = beautifulgirl.jpg; sourceTree = "<group>"; };
		7AF0D6FC1C7B00C80077A76B /* car.jpg */ = {isa = PBXFileReference; lastKnownFileType = image.jpeg; path = car.jpg; sourceTree = "<group>"; };
		7AF0D6FD1C7B00C80077A76B /* dola.jpg */ = {isa = PBXFileReference; lastKnownFileType = image.jpeg; path = dola.jpg; sourceTree = "<group>"; };
		7AF0D6FE1C7B00C80077A76B /* house.jpg */ = {isa = PBXFileReference; lastKnownFileType = image.jpeg; path = house.jpg; sourceTree = "<group>"; };
/* End PBXFileReference section */

/* Begin PBXFrameworksBuildPhase section */
		7AF0D6DB1C7ACA420077A76B /* Frameworks */ = {
			isa = PBXFrameworksBuildPhase;
			buildActionMask = 2147483647;
			files = (
			);
			runOnlyForDeploymentPostprocessing = 0;
		};
/* End PBXFrameworksBuildPhase section */

/* Begin PBXGroup section */
		7AF0D6D51C7ACA420077A76B = {
			isa = PBXGroup;
			children = (
				7AF0D6E01C7ACA420077A76B /* I AM */,
				7AF0D6DF1C7ACA420077A76B /* Products */,
			);
			sourceTree = "<group>";
		};
		7AF0D6DF1C7ACA420077A76B /* Products */ = {
			isa = PBXGroup;
			children = (
				7AF0D6DE1C7ACA420077A76B /* I AM.app */,
			);
			name = Products;
			sourceTree = "<group>";
		};
		7AF0D6E01C7ACA420077A76B /* I AM */ = {
			isa = PBXGroup;
			children = (
				7AF0D6E41C7ACA430077A76B /* AppDelegate.h */,
				7AF0D6E51C7ACA430077A76B /* AppDelegate.m */,
				7AF0D6E71C7ACA430077A76B /* ViewController.h */,
				7AF0D6E81C7ACA430077A76B /* ViewController.m */,
				7AF0D6EA1C7ACA430077A76B /* Main.storyboard */,
				7AF0D6F81C7AD9460077A76B /* Image */,
				7AF0D6ED1C7ACA440077A76B /* Assets.xcassets */,
				7AF0D6EF1C7ACA440077A76B /* LaunchScreen.storyboard */,
				7AF0D6F21C7ACA440077A76B /* Info.plist */,
				7AF0D6E11C7ACA420077A76B /* Supporting Files */,
			);
			path = "I AM";
			sourceTree = "<group>";
		};
		7AF0D6E11C7ACA420077A76B /* Supporting Files */ = {
			isa = PBXGroup;
			children = (
				7AF0D6E21C7ACA430077A76B /* main.m */,
			);
			name = "Supporting Files";
			sourceTree = "<group>";
		};
		7AF0D6F81C7AD9460077A76B /* Image */ = {
			isa = PBXGroup;
			children = (
				7AF0D6FB1C7B00C80077A76B /* beautifulgirl.jpg */,
				7AF0D6FC1C7B00C80077A76B /* car.jpg */,
				7AF0D6FD1C7B00C80077A76B /* dola.jpg */,
				7AF0D6FE1C7B00C80077A76B /* house.jpg */,
				7AF0D6F91C7AD96C0077A76B /* ruby.png */,
			);
			name = Image;
			sourceTree = "<group>";
		};
/* End PBXGroup section */

/* Begin PBXNativeTarget section */
		7AF0D6DD1C7ACA420077A76B /* I AM */ = {
			isa = PBXNativeTarget;
			buildConfigurationList = 7AF0D6F51C7ACA440077A76B /* Build configuration list for PBXNativeTarget "I AM" */;
			buildPhases = (
				7AF0D6DA1C7ACA420077A76B /* Sources */,
				7AF0D6DB1C7ACA420077A76B /* Frameworks */,
				7AF0D6DC1C7ACA420077A76B /* Resources */,
			);
			buildRules = (
			);
			dependencies = (
			);
			name = "I AM";
			productName = "I AM";
			productReference = 7AF0D6DE1C7ACA420077A76B /* I AM.app */;
			productType = "com.apple.product-type.application";
		};
/* End PBXNativeTarget section */

/* Begin PBXProject section */
		7AF0D6D61C7ACA420077A76B /* Project object */ = {
			isa = PBXProject;
			attributes = {
				LastUpgradeCheck = 0720;
				ORGANIZATIONNAME = "Minh Khang";
				TargetAttributes = {
					7AF0D6DD1C7ACA420077A76B = {
						CreatedOnToolsVersion = 7.2;
					};
				};
			};
			buildConfigurationList = 7AF0D6D91C7ACA420077A76B /* Build configuration list for PBXProject "I AM" */;
			compatibilityVersion = "Xcode 3.2";
			developmentRegion = English;
			hasScannedForEncodings = 0;
			knownRegions = (
				en,
				Base,
			);
			mainGroup = 7AF0D6D51C7ACA420077A76B;
			productRefGroup = 7AF0D6DF1C7ACA420077A76B /* Products */;
			projectDirPath = "";
			projectRoot = "";
			targets = (
				7AF0D6DD1C7ACA420077A76B /* I AM */,
			);
		};
/* End PBXProject section */

/* Begin PBXResourcesBuildPhase section */
		7AF0D6DC1C7ACA420077A76B /* Resources */ = {
			isa = PBXResourcesBuildPhase;
			buildActionMask = 2147483647;
			files = (
				7AF0D7001C7B00C80077A76B /* car.jpg in Resources */,
				7AF0D6F11C7ACA440077A76B /* LaunchScreen.storyboard in Resources */,
				7AF0D6FA1C7AD96C0077A76B /* ruby.png in Resources */,
				7AF0D7011C7B00C80077A76B /* dola.jpg in Resources */,
				7AF0D7021C7B00C80077A76B /* house.jpg in Resources */,
				7AF0D6EE1C7ACA440077A76B /* Assets.xcassets in Resources */,
				7AF0D6FF1C7B00C80077A76B /* beautifulgirl.jpg in Resources */,
				7AF0D6EC1C7ACA430077A76B /* Main.storyboard in Resources */,
			);
			runOnlyForDeploymentPostprocessing = 0;
		};
/* End PBXResourcesBuildPhase section */

/* Begin PBXSourcesBuildPhase section */
		7AF0D6DA1C7ACA420077A76B /* Sources */ = {
			isa = PBXSourcesBuildPhase;
			buildActionMask = 2147483647;
			files = (
				7AF0D6E91C7ACA430077A76B /* ViewController.m in Sources */,
				7AF0D6E61C7ACA430077A76B /* AppDelegate.m in Sources */,
				7AF0D6E31C7ACA430077A76B /* main.m in Sources */,
			);
			runOnlyForDeploymentPostprocessing = 0;
		};
/* End PBXSourcesBuildPhase section */

/* Begin PBXVariantGroup section */
		7AF0D6EA1C7ACA430077A76B /* Main.storyboard */ = {
			isa = PBXVariantGroup;
			children = (
				7AF0D6EB1C7ACA430077A76B /* Base */,
			);
			name = Main.storyboard;
			sourceTree = "<group>";
		};
		7AF0D6EF1C7ACA440077A76B /* LaunchScreen.storyboard */ = {
			isa = PBXVariantGroup;
			children = (
				7AF0D6F01C7ACA440077A76B /* Base */,
			);
			name = LaunchScreen.storyboard;
			sourceTree = "<group>";
		};
/* End PBXVariantGroup section */

/* Begin XCBuildConfiguration section */
		7AF0D6F31C7ACA440077A76B /* Debug */ = {
			isa = XCBuildConfiguration;
			buildSettings = {
				ALWAYS_SEARCH_USER_PATHS = NO;
				CLANG_CXX_LANGUAGE_STANDARD = "gnu++0x";
				CLANG_CXX_LIBRARY = "libc++";
				CLANG_ENABLE_MODULES = YES;
				CLANG_ENABLE_OBJC_ARC = YES;
				CLANG_WARN_BOOL_CONVERSION = YES;
				CLANG_WARN_CONSTANT_CONVERSION = YES;
				CLANG_WARN_DIRECT_OBJC_ISA_USAGE = YES_ERROR;
				CLANG_WARN_EMPTY_BODY = YES;
				CLANG_WARN_ENUM_CONVERSION = YES;
				CLANG_WARN_INT_CONVERSION = YES;
				CLANG_WARN_OBJC_ROOT_CLASS = YES_ERROR;
				CLANG_WARN_UNREACHABLE_CODE = YES;
				CLANG_WARN__DUPLICATE_METHOD_MATCH = YES;
				"CODE_SIGN_IDENTITY[sdk=iphoneos*]" = "iPhone Developer";
				COPY_PHASE_STRIP = NO;
				DEBUG_INFORMATION_FORMAT = dwarf;
				ENABLE_STRICT_OBJC_MSGSEND = YES;
				ENABLE_TESTABILITY = YES;
				GCC_C_LANGUAGE_STANDARD = gnu99;
				GCC_DYNAMIC_NO_PIC = NO;
				GCC_NO_COMMON_BLOCKS = YES;
				GCC_OPTIMIZATION_LEVEL = 0;
				GCC_PREPROCESSOR_DEFINITIONS = (
					"DEBUG=1",
					"$(inherited)",
				);
				GCC_WARN_64_TO_32_BIT_CONVERSION = YES;
				GCC_WARN_ABOUT_RETURN_TYPE = YES_ERROR;
				GCC_WARN_UNDECLARED_SELECTOR = YES;
				GCC_WARN_UNINITIALIZED_AUTOS = YES_AGGRESSIVE;
				GCC_WARN_UNUSED_FUNCTION = YES;
				GCC_WARN_UNUSED_VARIABLE = YES;
				IPHONEOS_DEPLOYMENT_TARGET = 9.2;
				MTL_ENABLE_DEBUG_INFO = YES;
				ONLY_ACTIVE_ARCH = YES;
				SDKROOT = iphoneos;
				TARGETED_DEVICE_FAMILY = "1,2";
			};
			name = Debug;
		};
		7AF0D6F41C7ACA440077A76B /* Release */ = {
			isa = XCBuildConfiguration;
			buildSettings = {
				ALWAYS_SEARCH_USER_PATHS = NO;
				CLANG_CXX_LANGUAGE_STANDARD = "gnu++0x";
				CLANG_CXX_LIBRARY = "libc++";
				CLANG_ENABLE_MODULES = YES;
				CLANG_ENABLE_OBJC_ARC = YES;
				CLANG_WARN_BOOL_CONVERSION = YES;
				CLANG_WARN_CONSTANT_CONVERSION = YES;
				CLANG_WARN_DIRECT_OBJC_ISA_USAGE = YES_ERROR;
				CLANG_WARN_EMPTY_BODY = YES;
				CLANG_WARN_ENUM_CONVERSION = YES;
				CLANG_WARN_INT_CONVERSION = YES;
				CLANG_WARN_OBJC_ROOT_CLASS = YES_ERROR;
				CLANG_WARN_UNREACHABLE_CODE = YES;
				CLANG_WARN__DUPLICATE_METHOD_MATCH = YES;
				"CODE_SIGN_IDENTITY[sdk=iphoneos*]" = "iPhone Developer";
				COPY_PHASE_STRIP = NO;
				DEBUG_INFORMATION_FORMAT = "dwarf-with-dsym";
				ENABLE_NS_ASSERTIONS = NO;
				ENABLE_STRICT_OBJC_MSGSEND = YES;
				GCC_C_LANGUAGE_STANDARD = gnu99;
				GCC_NO_COMMON_BLOCKS = YES;
				GCC_WARN_64_TO_32_BIT_CONVERSION = YES;
				GCC_WARN_ABOUT_RETURN_TYPE = YES_ERROR;
				GCC_WARN_UNDECLARED_SELECTOR = YES;
				GCC_WARN_UNINITIALIZED_AUTOS = YES_AGGRESSIVE;
				GCC_WARN_UNUSED_FUNCTION = YES;
				GCC_WARN_UNUSED_VARIABLE = YES;
				IPHONEOS_DEPLOYMENT_TARGET = 9.2;
				MTL_ENABLE_DEBUG_INFO = NO;
				SDKROOT = iphoneos;
				TARGETED_DEVICE_FAMILY = "1,2";
				VALIDATE_PRODUCT = YES;
			};
			name = Release;
		};
		7AF0D6F61C7ACA440077A76B /* Debug */ = {
			isa = XCBuildConfiguration;
			buildSettings = {
				ASSETCATALOG_COMPILER_APPICON_NAME = AppIcon;
				INFOPLIST_FILE = "I AM/Info.plist";
				LD_RUNPATH_SEARCH_PATHS = "$(inherited) @executable_path/Frameworks";
				PRODUCT_BUNDLE_IDENTIFIER = "com.mikasoft.I-AM";
				PRODUCT_NAME = "$(TARGET_NAME)";
			};
			name = Debug;
		};
		7AF0D6F71C7ACA440077A76B /* Release */ = {
			isa = XCBuildConfiguration;
			buildSettings = {
				ASSETCATALOG_COMPILER_APPICON_NAME = AppIcon;
				INFOPLIST_FILE = "I AM/Info.plist";
				LD_RUNPATH_SEARCH_PATHS = "$(inherited) @executable_path/Frameworks";
				PRODUCT_BUNDLE_IDENTIFIER = "com.mikasoft.I-AM";
				PRODUCT_NAME = "$(TARGET_NAME)";
			};
			name = Release;
		};
/* End XCBuildConfiguration section */

/* Begin XCConfigurationList section */
		7AF0D6D91C7ACA420077A76B /* Build configuration list for PBXProject "I AM" */ = {
			isa = XCConfigurationList;
			buildConfigurations = (
				7AF0D6F31C7ACA440077A76B /* Debug */,
				7AF0D6F41C7ACA440077A76B /* Release */,
			);
			defaultConfigurationIsVisible = 0;
			defaultConfigurationName = Release;
		};
		7AF0D6F51C7ACA440077A76B /* Build configuration list for PBXNativeTarget "I AM" */ = {
			isa = XCConfigurationList;
			buildConfigurations = (
				7AF0D6F61C7ACA440077A76B /* Debug */,
				7AF0D6F71C7ACA440077A76B /* Release */,
			);
			defaultConfigurationIsVisible = 0;
		};
/* End XCConfigurationList section */
	};
	rootObject = 7AF0D6D61C7ACA420077A76B /* Project object */;
}
